
Microsoft Visual Studio Solution File, Format Version 12.00
# Visual Studio 15
VisualStudioVersion = 15.0.26124.0
MinimumVisualStudioVersion = 15.0.26124.0
Project("{2150E333-8FDC-42A3-9474-1A3956D46DE8}") = "src", "src", "{AD054744-9C2C-469B-8F85-20112D1E0D31}"
EndProject
Project("{FAE04EC0-301F-11D3-BF4B-00C04F79EFBC}") = "Web", "src\Web\Web.csproj", "{78F36973-2F22-4C72-927A-83682E01C252}"
EndProject
Project("{2150E333-8FDC-42A3-9474-1A3956D46DE8}") = "tests", "tests", "{91672D22-647D-4A47-971D-EB38B2A15069}"
EndProject
Project("{FAE04EC0-301F-11D3-BF4B-00C04F79EFBC}") = "FunctionalTests", "tests\FunctionalTests\FunctionalTests.csproj", "{02B1832B-4CF3-4DF9-98FB-35702BB83230}"
EndProject
Project("{FAE04EC0-301F-11D3-BF4B-00C04F79EFBC}") = "IntegrationTests", "tests\IntegrationTests\IntegrationTests.csproj", "{B948C30C-728E-4B55-8708-08F3FC5A074E}"
EndProject
Project("{FAE04EC0-301F-11D3-BF4B-00C04F79EFBC}") = "UnitTests", "tests\UnitTests\UnitTests.csproj", "{FE4F7A4F-EB1A-4293-BA92-08D15E247B91}"
EndProject
Global
	GlobalSection(SolutionConfigurationPlatforms) = preSolution
		Debug|Any CPU = Debug|Any CPU
		Debug|x64 = Debug|x64
		Debug|x86 = Debug|x86
		Release|Any CPU = Release|Any CPU
		Release|x64 = Release|x64
		Release|x86 = Release|x86
	EndGlobalSection
	GlobalSection(SolutionProperties) = preSolution
		HideSolutionNode = FALSE
	EndGlobalSection
	GlobalSection(ProjectConfigurationPlatforms) = postSolution
		{78F36973-2F22-4C72-927A-83682E01C252}.Debug|Any CPU.ActiveCfg = Debug|Any CPU
		{78F36973-2F22-4C72-927A-83682E01C252}.Debug|Any CPU.Build.0 = Debug|Any CPU
		{78F36973-2F22-4C72-927A-83682E01C252}.Debug|x64.ActiveCfg = Debug|Any CPU
		{78F36973-2F22-4C72-927A-83682E01C252}.Debug|x64.Build.0 = Debug|Any CPU
		{78F36973-2F22-4C72-927A-83682E01C252}.Debug|x86.ActiveCfg = Debug|Any CPU
		{78F36973-2F22-4C72-927A-83682E01C252}.Debug|x86.Build.0 = Debug|Any CPU
		{78F36973-2F22-4C72-927A-83682E01C252}.Release|Any CPU.ActiveCfg = Release|Any CPU
		{78F36973-2F22-4C72-927A-83682E01C252}.Release|Any CPU.Build.0 = Release|Any CPU
		{78F36973-2F22-4C72-927A-83682E01C252}.Release|x64.ActiveCfg = Release|Any CPU
		{78F36973-2F22-4C72-927A-83682E01C252}.Release|x64.Build.0 = Release|Any CPU
		{78F36973-2F22-4C72-927A-83682E01C252}.Release|x86.ActiveCfg = Release|Any CPU
		{78F36973-2F22-4C72-927A-83682E01C252}.Release|x86.Build.0 = Release|Any CPU
		{02B1832B-4CF3-4DF9-98FB-35702BB83230}.Debug|Any CPU.ActiveCfg = Debug|Any CPU
		{02B1832B-4CF3-4DF9-98FB-35702BB83230}.Debug|Any CPU.Build.0 = Debug|Any CPU
		{02B1832B-4CF3-4DF9-98FB-35702BB83230}.Debug|x64.ActiveCfg = Debug|Any CPU
		{02B1832B-4CF3-4DF9-98FB-35702BB83230}.Debug|x64.Build.0 = Debug|Any CPU
		{02B1832B-4CF3-4DF9-98FB-35702BB83230}.Debug|x86.ActiveCfg = Debug|Any CPU
		{02B1832B-4CF3-4DF9-98FB-35702BB83230}.Debug|x86.Build.0 = Debug|Any CPU
		{02B1832B-4CF3-4DF9-98FB-35702BB83230}.Release|Any CPU.ActiveCfg = Release|Any CPU
		{02B1832B-4CF3-4DF9-98FB-35702BB83230}.Release|Any CPU.Build.0 = Release|Any CPU
		{02B1832B-4CF3-4DF9-98FB-35702BB83230}.Release|x64.ActiveCfg = Release|Any CPU
		{02B1832B-4CF3-4DF9-98FB-35702BB83230}.Release|x64.Build.0 = Release|Any CPU
		{02B1832B-4CF3-4DF9-98FB-35702BB83230}.Release|x86.ActiveCfg = Release|Any CPU
		{02B1832B-4CF3-4DF9-98FB-35702BB83230}.Release|x86.Build.0 = Release|Any CPU
		{B948C30C-728E-4B55-8708-08F3FC5A074E}.Debug|Any CPU.ActiveCfg = Debug|Any CPU
		{B948C30C-728E-4B55-8708-08F3FC5A074E}.Debug|Any CPU.Build.0 = Debug|Any CPU
		{B948C30C-728E-4B55-8708-08F3FC5A074E}.Debug|x64.ActiveCfg = Debug|Any CPU
		{B948C30C-728E-4B55-8708-08F3FC5A074E}.Debug|x64.Build.0 = Debug|Any CPU
		{B948C30C-728E-4B55-8708-08F3FC5A074E}.Debug|x86.ActiveCfg = Debug|Any CPU
		{B948C30C-728E-4B55-8708-08F3FC5A074E}.Debug|x86.Build.0 = Debug|Any CPU
		{B948C30C-728E-4B55-8708-08F3FC5A074E}.Release|Any CPU.ActiveCfg = Release|Any CPU
		{B948C30C-728E-4B55-8708-08F3FC5A074E}.Release|Any CPU.Build.0 = Release|Any CPU
		{B948C30C-728E-4B55-8708-08F3FC5A074E}.Release|x64.ActiveCfg = Release|Any CPU
		{B948C30C-728E-4B55-8708-08F3FC5A074E}.Release|x64.Build.0 = Release|Any CPU
		{B948C30C-728E-4B55-8708-08F3FC5A074E}.Release|x86.ActiveCfg = Release|Any CPU
		{B948C30C-728E-4B55-8708-08F3FC5A074E}.Release|x86.Build.0 = Release|Any CPU
		{FE4F7A4F-EB1A-4293-BA92-08D15E247B91}.Debug|Any CPU.ActiveCfg = Debug|Any CPU
		{FE4F7A4F-EB1A-4293-BA92-08D15E247B91}.Debug|Any CPU.Build.0 = Debug|Any CPU
		{FE4F7A4F-EB1A-4293-BA92-08D15E247B91}.Debug|x64.ActiveCfg = Debug|Any CPU
		{FE4F7A4F-EB1A-4293-BA92-08D15E247B91}.Debug|x64.Build.0 = Debug|Any CPU
		{FE4F7A4F-EB1A-4293-BA92-08D15E247B91}.Debug|x86.ActiveCfg = Debug|Any CPU
		{FE4F7A4F-EB1A-4293-BA92-08D15E247B91}.Debug|x86.Build.0 = Debug|Any CPU
		{FE4F7A4F-EB1A-4293-BA92-08D15E247B91}.Release|Any CPU.ActiveCfg = Release|Any CPU
		{FE4F7A4F-EB1A-4293-BA92-08D15E247B91}.Release|Any CPU.Build.0 = Release|Any CPU
		{FE4F7A4F-EB1A-4293-BA92-08D15E247B91}.Release|x64.ActiveCfg = Release|Any CPU
		{FE4F7A4F-EB1A-4293-BA92-08D15E247B91}.Release|x64.Build.0 = Release|Any CPU
		{FE4F7A4F-EB1A-4293-BA92-08D15E247B91}.Release|x86.ActiveCfg = Release|Any CPU
		{FE4F7A4F-EB1A-4293-BA92-08D15E247B91}.Release|x86.Build.0 = Release|Any CPU
	EndGlobalSection
	GlobalSection(NestedProjects) = preSolution
		{78F36973-2F22-4C72-927A-83682E01C252} = {AD054744-9C2C-469B-8F85-20112D1E0D31}
		{02B1832B-4CF3-4DF9-98FB-35702BB83230} = {91672D22-647D-4A47-971D-EB38B2A15069}
		{B948C30C-728E-4B55-8708-08F3FC5A074E} = {91672D22-647D-4A47-971D-EB38B2A15069}
		{FE4F7A4F-EB1A-4293-BA92-08D15E247B91} = {91672D22-647D-4A47-971D-EB38B2A15069}
	EndGlobalSection
EndGlobal
